github.com/davecgh/go-spew v1.1.0 h1:ZDRjVQ15GmhC3fiQ8ni8+OwkZQO4DARzQgrnXU1Liz8=
github.com/davecgh/go-spew v1.1.0/go.mod h1:J7Y8YcW2NihsgmVo/mv3lAwl/skON4iLHjSsI+c5H38=
github.com/gruntwork-io/terratest v0.19.0 h1:LZjT4bDUzJW1M0KUw3mQIviWmg4INkNDpuKGask9UUM=
github.com/gruntwork-io/terratest v0.19.0/go.mod h1:NjUn6YXA5Skxt8Rs20t3isYx5Rl+EgvGB8/+RRXddqk=
github.com/gruntwork-io/terratest v0.19.1 h1:kUjPCLH5LzfxGbl7jLZE1EzszBEFeZwRVZyXlGI+9ho=
github.com/gruntwork-io/terratest v0.19.1/go.mod h1:NjUn6YXA5Skxt8Rs20t3isYx5Rl+EgvGB8/+RRXddqk=
github.com/gruntwork-io/terratest v0.19.3 h1:/uJzKm5/GqXlHa9S96jLzJwrUtvc0mqQwoYonZBtZME=
github.com/gruntwork-io/terratest v0.19.3/go.mod h1:NjUn6YXA5Skxt8Rs20t3isYx5Rl+EgvGB8/+RRXddqk=
github.com/gruntwork-io/terratest v0.19.5 h1:0JNnFvjUkLKpOc9zy3gLFftbnq080bLhGVEdcN7YfZo=
github.com/gruntwork-io/terratest v0.19.5/go.mod h1:NjUn6YXA5Skxt8Rs20t3isYx5Rl+EgvGB8/+RRXddqk=
github.com/gruntwork-io/terratest v0.20.0 h1:Yje7IB92KpTstTJktXReFscv/S0T1nwEB9XH/6tATF0=
github.com/gruntwork-io/terratest v0.20.0/go.mod h1:NjUn6YXA5Skxt8Rs20t3isYx5Rl+EgvGB8/+RRXddqk=
github.com/gruntwork-io/terratest v0.20.1 h1:zyLNXfGTyJ7ZLNDESVg6NnMfRSouQHaB7v7G0h46kho=
github.com/gruntwork-io/terratest v0.20.1/go.mod h1:NjUn6YXA5Skxt8Rs20t3isYx5Rl+EgvGB8/+RRXddqk=
github.com/magiconair/properties v1.8.1 h1:ZC2Vc7/ZFkGmsVC9KvOjumD+G5lXy2RtTKyzRKO2BQ4=
github.com/magiconair/properties v1.8.1/go.mod h1:PppfXfuXeibc/6YijjN8zIbojt8czPbwD3XqdrwzmxQ=
github.com/pmezard/go-difflib v1.0.0 h1:4DBwDE0NGyQoBHbLQYPwSUPoCMWR5BEzIk/f1lZbAQM=
github.com/pmezard/go-difflib v1.0.0/go.mod h1:iKH77koFhYxTK1pcRnkKkqfTogsbg7gZNVY4sRDYZ/4=
github.com/stretchr/objx v0.1.0/go.mod h1:HFkY916IF+rwdDfMAkV7OtwuqBVzrE8GR6GFx+wExME=
github.com/stretchr/testify v1.4.0 h1:2E4SXV/wtOkTonXsotYi4li6zVWxYlZuYNCXe9XRJyk=
github.com/stretchr/testify v1.4.0/go.mod h1:j7eGeouHqKxXV5pUuKE4zz7dFj8WfuZ+81PSLYec5m4=
golang.org/x/crypto v0.0.0-20190308221718-c2843e01d9a2/go.mod h1:djNgcEr1/C05ACkg1iLfiJU5Ep61QUkGW8qpdssI0+w=
golang.org/x/crypto v0.0.0-20190911031432-227b76d455e7 h1:0hQKqeLdqlt5iIwVOBErRisrHJAN57yOiPRQItI20fU=
golang.org/x/crypto v0.0.0-20190911031432-227b76d455e7/go.mod h1:yigFU9vqHzYiE8UmvKecakEJjdnWj3jj499lnFckfCI=
golang.org/x/net v0.0.0-20190404232315-eb5bcb51f2a3/go.mod h1:t9HGtf8HONx5eT2rtn7q6eTqICYqUVnKs3thJo3Qplg=
golang.org/x/net v0.0.0-20190918130420-a8b05e9114ab h1:h5tBRKZ1aY/bo6GNqe/4zWC8GkaLOFQ5wPKIOQ0i2sA=
golang.org/x/net v0.0.0-20190918130420-a8b05e9114ab/go.mod h1:z5CRVTTTmAJ677TzLLGU+0bjPO0LkuOLi4/5GtJWs/s=
golang.org/x/sys v0.0.0-20190215142949-d0b11bdaac8a/go.mod h1:STP8DvDyc/dI5b8T5hshtkjS+E42TnysNCUPdjciGhY=
golang.org/x/sys v0.0.0-20190412213103-97732733099d h1:+R4KGOnez64A81RvjARKc4UT5/tI9ujCIVX+P5KiHuI=
golang.org/x/sys v0.0.0-20190412213103-97732733099d/go.mod h1:h1NjWce9XRLGQEsW7wpKNCjG9DtNlClVuFLEZdDNbEs=
golang.org/x/text v0.3.0/go.mod h1:NqM8EUOU14njkJ3fqMW+pc6Ldnwhi/IjpwHt7yyuwOQ=
gopkg.in/check.v1 v0.0.0-20161208181325-20d25e280405 h1:yhCVgyC4o1eVCa2tZl7eS0r+SDo693bJlVdllGtEeKM=
gopkg.in/check.v1 v0.0.0-20161208181325-20d25e280405/go.mod h1:Co6ibVJAznAaIkqp8huTwlJQCZ016jof/cbN4VW5Yz0=
gopkg.in/yaml.v2 v2.2.2 h1:ZCJp+EgiOT7lHqUV2J862kp8Qj64Jo6az82+3Td9dZw=
gopkg.in/yaml.v2 v2.2.2/go.mod h1:hI93XBmqTisBFMUTm0b8Fm+jr3Dg1NNxqwp+5A1VGuI=
